
Microsoft Visual Studio Solution File, Format Version 12.00
# Visual Studio 15
VisualStudioVersion = 15.0.26730.16
MinimumVisualStudioVersion = 10.0.40219.1
Project("{FAE04EC0-301F-11D3-BF4B-00C04F79EFBC}") = "MvcVideoGames", "MvcVideoGames\MvcVideoGames.csproj", "{CEBABCED-D86D-4B47-A4BE-47A011D0FD56}"
EndProject
Global
	GlobalSection(SolutionConfigurationPlatforms) = preSolution
		Debug|Any CPU = Debug|Any CPU
		Release|Any CPU = Release|Any CPU
	EndGlobalSection
	GlobalSection(ProjectConfigurationPlatforms) = postSolution
		{CEBABCED-D86D-4B47-A4BE-47A011D0FD56}.Debug|Any CPU.ActiveCfg = Debug|Any CPU
		{CEBABCED-D86D-4B47-A4BE-47A011D0FD56}.Debug|Any CPU.Build.0 = Debug|Any CPU
		{CEBABCED-D86D-4B47-A4BE-47A011D0FD56}.Release|Any CPU.ActiveCfg = Release|Any CPU
		{CEBABCED-D86D-4B47-A4BE-47A011D0FD56}.Release|Any CPU.Build.0 = Release|Any CPU
	EndGlobalSection
	GlobalSection(SolutionProperties) = preSolution
		HideSolutionNode = FALSE
	EndGlobalSection
	GlobalSection(ExtensibilityGlobals) = postSolution
		SolutionGuid = {FE333A33-54FB-423A-A97C-327BECBE0C3A}
	EndGlobalSection
EndGlobal
